<Solution>
  <Folder Name="/src/">
    <Project Path="src/ECommerce.Api/ECommerce.Api.csproj" />
    <Project Path="src/ECommerce.Application/ECommerce.Application.csproj" />
    <Project Path="src/ECommerce.Domain/ECommerce.Domain.csproj" />
    <Project Path="src/ECommerce.Infrastructure/ECommerce.Infrastructure.csproj" />
    <Project Path="src/ECommerce.Persistence/ECommerce.Persistence.csproj" />
    <Project Path="src/ECommerce.Shared/ECommerce.Shared.csproj" />
  </Folder>
  <Folder Name="/tests/">
    <Project Path="ECommerce.Application.Tests/ECommerce.Application.Tests.csproj" Id="930cc35e-7dd9-4b03-9b16-f19c0b12bc90" />
    <Project Path="ECommerce.Domain.Tests/ECommerce.Domain.Tests.csproj" Id="7fba934c-52fc-474f-bb05-959351400d4c" />
    <Project Path="ECommerce.Persistence.Tests/ECommerce.Persistence.Tests.csproj" Id="c3397dbe-cebb-4332-bb3d-952091c4430f" />
  </Folder>
</Solution>
